
Microsoft Visual Studio Solution File, Format Version 12.00
# Visual Studio 14
VisualStudioVersion = 14.0.23107.0
MinimumVisualStudioVersion = 10.0.40219.1
Project("{FAE04EC0-301F-11D3-BF4B-00C04F79EFBC}") = "FluentValidation", "FluentValidation.csproj", "{35F44877-0AA8-4175-9B30-E219C7D87D90}"
EndProject
Project("{FAE04EC0-301F-11D3-BF4B-00C04F79EFBC}") = "FluentValidation.Tests", "..\FluentValidation.Tests\FluentValidation.Tests.csproj", "{9069B323-56CF-497A-A849-D7822B1D29FF}"
EndProject
Global
	GlobalSection(SolutionConfigurationPlatforms) = preSolution
		Debug|Any CPU = Debug|Any CPU
		Release|Any CPU = Release|Any CPU
	EndGlobalSection
	GlobalSection(ProjectConfigurationPlatforms) = postSolution
		{35F44877-0AA8-4175-9B30-E219C7D87D90}.Debug|Any CPU.ActiveCfg = Debug|Any CPU
		{35F44877-0AA8-4175-9B30-E219C7D87D90}.Debug|Any CPU.Build.0 = Debug|Any CPU
		{35F44877-0AA8-4175-9B30-E219C7D87D90}.Release|Any CPU.ActiveCfg = Release|Any CPU
		{35F44877-0AA8-4175-9B30-E219C7D87D90}.Release|Any CPU.Build.0 = Release|Any CPU
		{9069B323-56CF-497A-A849-D7822B1D29FF}.Debug|Any CPU.ActiveCfg = Debug|Any CPU
		{9069B323-56CF-497A-A849-D7822B1D29FF}.Debug|Any CPU.Build.0 = Debug|Any CPU
		{9069B323-56CF-497A-A849-D7822B1D29FF}.Release|Any CPU.ActiveCfg = Release|Any CPU
		{9069B323-56CF-497A-A849-D7822B1D29FF}.Release|Any CPU.Build.0 = Release|Any CPU
	EndGlobalSection
	GlobalSection(SolutionProperties) = preSolution
		HideSolutionNode = FALSE
	EndGlobalSection
EndGlobal
